// !$*UTF8*$!
{
	archiveVersion = 1;
	classes = {
	};
	objectVersion = 55;
	objects = {

/* Begin PBXBuildFile section */
		14667E6828990112001279D2 /* AppDelegate.swift in Sources */ = {isa = PBXBuildFile; fileRef = 14667E6728990112001279D2 /* AppDelegate.swift */; };
		14667E6A28990112001279D2 /* SceneDelegate.swift in Sources */ = {isa = PBXBuildFile; fileRef = 14667E6928990112001279D2 /* SceneDelegate.swift */; };
		14667E6C28990112001279D2 /* ViewController.swift in Sources */ = {isa = PBXBuildFile; fileRef = 14667E6B28990112001279D2 /* ViewController.swift */; };
		14667E6F28990112001279D2 /* Main.storyboard in Resources */ = {isa = PBXBuildFile; fileRef = 14667E6D28990112001279D2 /* Main.storyboard */; };
		14667E7128990114001279D2 /* Assets.xcassets in Resources */ = {isa = PBXBuildFile; fileRef = 14667E7028990114001279D2 /* Assets.xcassets */; };
		14667E7428990114001279D2 /* LaunchScreen.storyboard in Resources */ = {isa = PBXBuildFile; fileRef = 14667E7228990114001279D2 /* LaunchScreen.storyboard */; };
		14667E7C289903D1001279D2 /* DiaryCell.swift in Sources */ = {isa = PBXBuildFile; fileRef = 14667E7B289903D1001279D2 /* DiaryCell.swift */; };
		14667E7E28990419001279D2 /* StarViewController.swift in Sources */ = {isa = PBXBuildFile; fileRef = 14667E7D28990419001279D2 /* StarViewController.swift */; };
		14667E802899057D001279D2 /* StarCell.swift in Sources */ = {isa = PBXBuildFile; fileRef = 14667E7F2899057D001279D2 /* StarCell.swift */; };
		14667E82289932F8001279D2 /* WriteDiaryViewController.swift in Sources */ = {isa = PBXBuildFile; fileRef = 14667E81289932F8001279D2 /* WriteDiaryViewController.swift */; };
		14667E8428993646001279D2 /* DiaryDetailViewController.swift in Sources */ = {isa = PBXBuildFile; fileRef = 14667E8328993646001279D2 /* DiaryDetailViewController.swift */; };
		14667E8828995BA1001279D2 /* Diary.swift in Sources */ = {isa = PBXBuildFile; fileRef = 14667E8728995BA0001279D2 /* Diary.swift */; };
/* End PBXBuildFile section */

/* Begin PBXFileReference section */
		14667E6428990112001279D2 /* Diary.app */ = {isa = PBXFileReference; explicitFileType = wrapper.application; includeInIndex = 0; path = Diary.app; sourceTree = BUILT_PRODUCTS_DIR; };
		14667E6728990112001279D2 /* AppDelegate.swift */ = {isa = PBXFileReference; lastKnownFileType = sourcecode.swift; path = AppDelegate.swift; sourceTree = "<group>"; };
		14667E6928990112001279D2 /* SceneDelegate.swift */ = {isa = PBXFileReference; lastKnownFileType = sourcecode.swift; path = SceneDelegate.swift; sourceTree = "<group>"; };
		14667E6B28990112001279D2 /* ViewController.swift */ = {isa = PBXFileReference; lastKnownFileType = sourcecode.swift; path = ViewController.swift; sourceTree = "<group>"; };
		14667E6E28990112001279D2 /* Base */ = {isa = PBXFileReference; lastKnownFileType = file.storyboard; name = Base; path = Base.lproj/Main.storyboard; sourceTree = "<group>"; };
		14667E7028990114001279D2 /* Assets.xcassets */ = {isa = PBXFileReference; lastKnownFileType = folder.assetcatalog; path = Assets.xcassets; sourceTree = "<group>"; };
		14667E7328990114001279D2 /* Base */ = {isa = PBXFileReference; lastKnownFileType = file.storyboard; name = Base; path = Base.lproj/LaunchScreen.storyboard; sourceTree = "<group>"; };
		14667E7528990114001279D2 /* Info.plist */ = {isa = PBXFileReference; lastKnownFileType = text.plist.xml; path = Info.plist; sourceTree = "<group>"; };
		14667E7B289903D1001279D2 /* DiaryCell.swift */ = {isa = PBXFileReference; lastKnownFileType = sourcecode.swift; path = DiaryCell.swift; sourceTree = "<group>"; };
		14667E7D28990419001279D2 /* StarViewController.swift */ = {isa = PBXFileReference; lastKnownFileType = sourcecode.swift; path = StarViewController.swift; sourceTree = "<group>"; };
		14667E7F2899057D001279D2 /* StarCell.swift */ = {isa = PBXFileReference; lastKnownFileType = sourcecode.swift; path = StarCell.swift; sourceTree = "<group>"; };
		14667E81289932F8001279D2 /* WriteDiaryViewController.swift */ = {isa = PBXFileReference; lastKnownFileType = sourcecode.swift; path = WriteDiaryViewController.swift; sourceTree = "<group>"; };
		14667E8328993646001279D2 /* DiaryDetailViewController.swift */ = {isa = PBXFileReference; lastKnownFileType = sourcecode.swift; path = DiaryDetailViewController.swift; sourceTree = "<group>"; };
		14667E8728995BA0001279D2 /* Diary.swift */ = {isa = PBXFileReference; lastKnownFileType = sourcecode.swift; path = Diary.swift; sourceTree = "<group>"; };
/* End PBXFileReference section */

/* Begin PBXFrameworksBuildPhase section */
		14667E6128990112001279D2 /* Frameworks */ = {
			isa = PBXFrameworksBuildPhase;
			buildActionMask = 2147483647;
			files = (
			);
			runOnlyForDeploymentPostprocessing = 0;
		};
/* End PBXFrameworksBuildPhase section */

/* Begin PBXGroup section */
		14667E5B28990112001279D2 = {
			isa = PBXGroup;
			children = (
				14667E6628990112001279D2 /* Diary */,
				14667E6528990112001279D2 /* Products */,
			);
			sourceTree = "<group>";
		};
		14667E6528990112001279D2 /* Products */ = {
			isa = PBXGroup;
			children = (
				14667E6428990112001279D2 /* Diary.app */,
			);
			name = Products;
			sourceTree = "<group>";
		};
		14667E6628990112001279D2 /* Diary */ = {
			isa = PBXGroup;
			children = (
				14667E8A289BB647001279D2 /* App */,
				14667E89289BB63B001279D2 /* Struct */,
				14667E85289952CF001279D2 /* ViewController */,
				14667E86289952DD001279D2 /* Cell */,
				14667E6D28990112001279D2 /* Main.storyboard */,
				14667E7028990114001279D2 /* Assets.xcassets */,
				14667E7228990114001279D2 /* LaunchScreen.storyboard */,
				14667E7528990114001279D2 /* Info.plist */,
			);
			path = Diary;
			sourceTree = "<group>";
		};
		14667E85289952CF001279D2 /* ViewController */ = {
			isa = PBXGroup;
			children = (
				14667E6B28990112001279D2 /* ViewController.swift */,
				14667E81289932F8001279D2 /* WriteDiaryViewController.swift */,
				14667E8328993646001279D2 /* DiaryDetailViewController.swift */,
				14667E7D28990419001279D2 /* StarViewController.swift */,
			);
			name = ViewController;
			sourceTree = "<group>";
		};
		14667E86289952DD001279D2 /* Cell */ = {
			isa = PBXGroup;
			children = (
				14667E7B289903D1001279D2 /* DiaryCell.swift */,
				14667E7F2899057D001279D2 /* StarCell.swift */,
			);
			name = Cell;
			sourceTree = "<group>";
		};
		14667E89289BB63B001279D2 /* Struct */ = {
			isa = PBXGroup;
			children = (
				14667E8728995BA0001279D2 /* Diary.swift */,
			);
			name = Struct;
			sourceTree = "<group>";
		};
		14667E8A289BB647001279D2 /* App */ = {
			isa = PBXGroup;
			children = (
				14667E6728990112001279D2 /* AppDelegate.swift */,
				14667E6928990112001279D2 /* SceneDelegate.swift */,
			);
			path = App;
			sourceTree = "<group>";
		};
/* End PBXGroup section */

/* Begin PBXNativeTarget section */
		14667E6328990112001279D2 /* Diary */ = {
			isa = PBXNativeTarget;
			buildConfigurationList = 14667E7828990114001279D2 /* Build configuration list for PBXNativeTarget "Diary" */;
			buildPhases = (
				14667E6028990112001279D2 /* Sources */,
				14667E6128990112001279D2 /* Frameworks */,
				14667E6228990112001279D2 /* Resources */,
			);
			buildRules = (
			);
			dependencies = (
			);
			name = Diary;
			productName = Diary;
			productReference = 14667E6428990112001279D2 /* Diary.app */;
			productType = "com.apple.product-type.application";
		};
/* End PBXNativeTarget section */

/* Begin PBXProject section */
		14667E5C28990112001279D2 /* Project object */ = {
			isa = PBXProject;
			attributes = {
				BuildIndependentTargetsInParallel = 1;
				LastSwiftUpdateCheck = 1340;
				LastUpgradeCheck = 1340;
				TargetAttributes = {
					14667E6328990112001279D2 = {
						CreatedOnToolsVersion = 13.4.1;
					};
				};
			};
			buildConfigurationList = 14667E5F28990112001279D2 /* Build configuration list for PBXProject "Diary" */;
			compatibilityVersion = "Xcode 13.0";
			developmentRegion = en;
			hasScannedForEncodings = 0;
			knownRegions = (
				en,
				Base,
			);
			mainGroup = 14667E5B28990112001279D2;
			productRefGroup = 14667E6528990112001279D2 /* Products */;
			projectDirPath = "";
			projectRoot = "";
			targets = (
				14667E6328990112001279D2 /* Diary */,
			);
		};
/* End PBXProject section */

/* Begin PBXResourcesBuildPhase section */
		14667E6228990112001279D2 /* Resources */ = {
			isa = PBXResourcesBuildPhase;
			buildActionMask = 2147483647;
			files = (
				14667E7428990114001279D2 /* LaunchScreen.storyboard in Resources */,
				14667E7128990114001279D2 /* Assets.xcassets in Resources */,
				14667E6F28990112001279D2 /* Main.storyboard in Resources */,
			);
			runOnlyForDeploymentPostprocessing = 0;
		};
/* End PBXResourcesBuildPhase section */

/* Begin PBXSourcesBuildPhase section */
		14667E6028990112001279D2 /* Sources */ = {
			isa = PBXSourcesBuildPhase;
			buildActionMask = 2147483647;
			files = (
				14667E6C28990112001279D2 /* ViewController.swift in Sources */,
				14667E82289932F8001279D2 /* WriteDiaryViewController.swift in Sources */,
				14667E802899057D001279D2 /* StarCell.swift in Sources */,
				14667E6828990112001279D2 /* AppDelegate.swift in Sources */,
				14667E6A28990112001279D2 /* SceneDelegate.swift in Sources */,
				14667E8828995BA1001279D2 /* Diary.swift in Sources */,
				14667E8428993646001279D2 /* DiaryDetailViewController.swift in Sources */,
				14667E7C289903D1001279D2 /* DiaryCell.swift in Sources */,
				14667E7E28990419001279D2 /* StarViewController.swift in Sources */,
			);
			runOnlyForDeploymentPostprocessing = 0;
		};
/* End PBXSourcesBuildPhase section */

/* Begin PBXVariantGroup section */
		14667E6D28990112001279D2 /* Main.storyboard */ = {
			isa = PBXVariantGroup;
			children = (
				14667E6E28990112001279D2 /* Base */,
			);
			name = Main.storyboard;
			sourceTree = "<group>";
		};
		14667E7228990114001279D2 /* LaunchScreen.storyboard */ = {
			isa = PBXVariantGroup;
			children = (
				14667E7328990114001279D2 /* Base */,
			);
			name = LaunchScreen.storyboard;
			sourceTree = "<group>";
		};
/* End PBXVariantGroup section */

/* Begin XCBuildConfiguration section */
		14667E7628990114001279D2 /* Debug */ = {
			isa = XCBuildConfiguration;
			buildSettings = {
				ALWAYS_SEARCH_USER_PATHS = NO;
				CLANG_ANALYZER_NONNULL = YES;
				CLANG_ANALYZER_NUMBER_OBJECT_CONVERSION = YES_AGGRESSIVE;
				CLANG_CXX_LANGUAGE_STANDARD = "gnu++17";
				CLANG_ENABLE_MODULES = YES;
				CLANG_ENABLE_OBJC_ARC = YES;
				CLANG_ENABLE_OBJC_WEAK = YES;
				CLANG_WARN_BLOCK_CAPTURE_AUTORELEASING = YES;
				CLANG_WARN_BOOL_CONVERSION = YES;
				CLANG_WARN_COMMA = YES;
				CLANG_WARN_CONSTANT_CONVERSION = YES;
				CLANG_WARN_DEPRECATED_OBJC_IMPLEMENTATIONS = YES;
				CLANG_WARN_DIRECT_OBJC_ISA_USAGE = YES_ERROR;
				CLANG_WARN_DOCUMENTATION_COMMENTS = YES;
				CLANG_WARN_EMPTY_BODY = YES;
				CLANG_WARN_ENUM_CONVERSION = YES;
				CLANG_WARN_INFINITE_RECURSION = YES;
				CLANG_WARN_INT_CONVERSION = YES;
				CLANG_WARN_NON_LITERAL_NULL_CONVERSION = YES;
				CLANG_WARN_OBJC_IMPLICIT_RETAIN_SELF = YES;
				CLANG_WARN_OBJC_LITERAL_CONVERSION = YES;
				CLANG_WARN_OBJC_ROOT_CLASS = YES_ERROR;
				CLANG_WARN_QUOTED_INCLUDE_IN_FRAMEWORK_HEADER = YES;
				CLANG_WARN_RANGE_LOOP_ANALYSIS = YES;
				CLANG_WARN_STRICT_PROTOTYPES = YES;
				CLANG_WARN_SUSPICIOUS_MOVE = YES;
				CLANG_WARN_UNGUARDED_AVAILABILITY = YES_AGGRESSIVE;
				CLANG_WARN_UNREACHABLE_CODE = YES;
				CLANG_WARN__DUPLICATE_METHOD_MATCH = YES;
				COPY_PHASE_STRIP = NO;
				DEBUG_INFORMATION_FORMAT = dwarf;
				ENABLE_STRICT_OBJC_MSGSEND = YES;
				ENABLE_TESTABILITY = YES;
				GCC_C_LANGUAGE_STANDARD = gnu11;
				GCC_DYNAMIC_NO_PIC = NO;
				GCC_NO_COMMON_BLOCKS = YES;
				GCC_OPTIMIZATION_LEVEL = 0;
				GCC_PREPROCESSOR_DEFINITIONS = (
					"DEBUG=1",
					"$(inherited)",
				);
				GCC_WARN_64_TO_32_BIT_CONVERSION = YES;
				GCC_WARN_ABOUT_RETURN_TYPE = YES_ERROR;
				GCC_WARN_UNDECLARED_SELECTOR = YES;
				GCC_WARN_UNINITIALIZED_AUTOS = YES_AGGRESSIVE;
				GCC_WARN_UNUSED_FUNCTION = YES;
				GCC_WARN_UNUSED_VARIABLE = YES;
				IPHONEOS_DEPLOYMENT_TARGET = 15.5;
				MTL_ENABLE_DEBUG_INFO = INCLUDE_SOURCE;
				MTL_FAST_MATH = YES;
				ONLY_ACTIVE_ARCH = YES;
				SDKROOT = iphoneos;
				SWIFT_ACTIVE_COMPILATION_CONDITIONS = DEBUG;
				SWIFT_OPTIMIZATION_LEVEL = "-Onone";
			};
			name = Debug;
		};
		14667E7728990114001279D2 /* Release */ = {
			isa = XCBuildConfiguration;
			buildSettings = {
				ALWAYS_SEARCH_USER_PATHS = NO;
				CLANG_ANALYZER_NONNULL = YES;
				CLANG_ANALYZER_NUMBER_OBJECT_CONVERSION = YES_AGGRESSIVE;
				CLANG_CXX_LANGUAGE_STANDARD = "gnu++17";
				CLANG_ENABLE_MODULES = YES;
				CLANG_ENABLE_OBJC_ARC = YES;
				CLANG_ENABLE_OBJC_WEAK = YES;
				CLANG_WARN_BLOCK_CAPTURE_AUTORELEASING = YES;
				CLANG_WARN_BOOL_CONVERSION = YES;
				CLANG_WARN_COMMA = YES;
				CLANG_WARN_CONSTANT_CONVERSION = YES;
				CLANG_WARN_DEPRECATED_OBJC_IMPLEMENTATIONS = YES;
				CLANG_WARN_DIRECT_OBJC_ISA_USAGE = YES_ERROR;
				CLANG_WARN_DOCUMENTATION_COMMENTS = YES;
				CLANG_WARN_EMPTY_BODY = YES;
				CLANG_WARN_ENUM_CONVERSION = YES;
				CLANG_WARN_INFINITE_RECURSION = YES;
				CLANG_WARN_INT_CONVERSION = YES;
				CLANG_WARN_NON_LITERAL_NULL_CONVERSION = YES;
				CLANG_WARN_OBJC_IMPLICIT_RETAIN_SELF = YES;
				CLANG_WARN_OBJC_LITERAL_CONVERSION = YES;
				CLANG_WARN_OBJC_ROOT_CLASS = YES_ERROR;
				CLANG_WARN_QUOTED_INCLUDE_IN_FRAMEWORK_HEADER = YES;
				CLANG_WARN_RANGE_LOOP_ANALYSIS = YES;
				CLANG_WARN_STRICT_PROTOTYPES = YES;
				CLANG_WARN_SUSPICIOUS_MOVE = YES;
				CLANG_WARN_UNGUARDED_AVAILABILITY = YES_AGGRESSIVE;
				CLANG_WARN_UNREACHABLE_CODE = YES;
				CLANG_WARN__DUPLICATE_METHOD_MATCH = YES;
				COPY_PHASE_STRIP = NO;
				DEBUG_INFORMATION_FORMAT = "dwarf-with-dsym";
				ENABLE_NS_ASSERTIONS = NO;
				ENABLE_STRICT_OBJC_MSGSEND = YES;
				GCC_C_LANGUAGE_STANDARD = gnu11;
				GCC_NO_COMMON_BLOCKS = YES;
				GCC_WARN_64_TO_32_BIT_CONVERSION = YES;
				GCC_WARN_ABOUT_RETURN_TYPE = YES_ERROR;
				GCC_WARN_UNDECLARED_SELECTOR = YES;
				GCC_WARN_UNINITIALIZED_AUTOS = YES_AGGRESSIVE;
				GCC_WARN_UNUSED_FUNCTION = YES;
				GCC_WARN_UNUSED_VARIABLE = YES;
				IPHONEOS_DEPLOYMENT_TARGET = 15.5;
				MTL_ENABLE_DEBUG_INFO = NO;
				MTL_FAST_MATH = YES;
				SDKROOT = iphoneos;
				SWIFT_COMPILATION_MODE = wholemodule;
				SWIFT_OPTIMIZATION_LEVEL = "-O";
				VALIDATE_PRODUCT = YES;
			};
			name = Release;
		};
		14667E7928990114001279D2 /* Debug */ = {
			isa = XCBuildConfiguration;
			buildSettings = {
				ASSETCATALOG_COMPILER_APPICON_NAME = AppIcon;
				ASSETCATALOG_COMPILER_GLOBAL_ACCENT_COLOR_NAME = AccentColor;
				CODE_SIGN_STYLE = Automatic;
				CURRENT_PROJECT_VERSION = 1;
				DEVELOPMENT_TEAM = DD66GTY4AT;
				GENERATE_INFOPLIST_FILE = YES;
				INFOPLIST_FILE = Diary/Info.plist;
				INFOPLIST_KEY_UIApplicationSupportsIndirectInputEvents = YES;
				INFOPLIST_KEY_UILaunchStoryboardName = LaunchScreen;
				INFOPLIST_KEY_UIMainStoryboardFile = Main;
				INFOPLIST_KEY_UISupportedInterfaceOrientations_iPad = "UIInterfaceOrientationPortrait UIInterfaceOrientationPortraitUpsideDown UIInterfaceOrientationLandscapeLeft UIInterfaceOrientationLandscapeRight";
				INFOPLIST_KEY_UISupportedInterfaceOrientations_iPhone = "UIInterfaceOrientationPortrait UIInterfaceOrientationLandscapeLeft UIInterfaceOrientationLandscapeRight";
				LD_RUNPATH_SEARCH_PATHS = (
					"$(inherited)",
					"@executable_path/Frameworks",
				);
				MARKETING_VERSION = 1.0;
				PRODUCT_BUNDLE_IDENTIFIER = RaeHoon.Diary;
				PRODUCT_NAME = "$(TARGET_NAME)";
				SWIFT_EMIT_LOC_STRINGS = YES;
				SWIFT_VERSION = 5.0;
				TARGETED_DEVICE_FAMILY = "1,2";
			};
			name = Debug;
		};
		14667E7A28990114001279D2 /* Release */ = {
			isa = XCBuildConfiguration;
			buildSettings = {
				ASSETCATALOG_COMPILER_APPICON_NAME = AppIcon;
				ASSETCATALOG_COMPILER_GLOBAL_ACCENT_COLOR_NAME = AccentColor;
				CODE_SIGN_STYLE = Automatic;
				CURRENT_PROJECT_VERSION = 1;
				DEVELOPMENT_TEAM = DD66GTY4AT;
				GENERATE_INFOPLIST_FILE = YES;
				INFOPLIST_FILE = Diary/Info.plist;
				INFOPLIST_KEY_UIApplicationSupportsIndirectInputEvents = YES;
				INFOPLIST_KEY_UILaunchStoryboardName = LaunchScreen;
				INFOPLIST_KEY_UIMainStoryboardFile = Main;
				INFOPLIST_KEY_UISupportedInterfaceOrientations_iPad = "UIInterfaceOrientationPortrait UIInterfaceOrientationPortraitUpsideDown UIInterfaceOrientationLandscapeLeft UIInterfaceOrientationLandscapeRight";
				INFOPLIST_KEY_UISupportedInterfaceOrientations_iPhone = "UIInterfaceOrientationPortrait UIInterfaceOrientationLandscapeLeft UIInterfaceOrientationLandscapeRight";
				LD_RUNPATH_SEARCH_PATHS = (
					"$(inherited)",
					"@executable_path/Frameworks",
				);
				MARKETING_VERSION = 1.0;
				PRODUCT_BUNDLE_IDENTIFIER = RaeHoon.Diary;
				PRODUCT_NAME = "$(TARGET_NAME)";
				SWIFT_EMIT_LOC_STRINGS = YES;
				SWIFT_VERSION = 5.0;
				TARGETED_DEVICE_FAMILY = "1,2";
			};
			name = Release;
		};
/* End XCBuildConfiguration section */

/* Begin XCConfigurationList section */
		14667E5F28990112001279D2 /* Build configuration list for PBXProject "Diary" */ = {
			isa = XCConfigurationList;
			buildConfigurations = (
				14667E7628990114001279D2 /* Debug */,
				14667E7728990114001279D2 /* Release */,
			);
			defaultConfigurationIsVisible = 0;
			defaultConfigurationName = Release;
		};
		14667E7828990114001279D2 /* Build configuration list for PBXNativeTarget "Diary" */ = {
			isa = XCConfigurationList;
			buildConfigurations = (
				14667E7928990114001279D2 /* Debug */,
				14667E7A28990114001279D2 /* Release */,
			);
			defaultConfigurationIsVisible = 0;
			defaultConfigurationName = Release;
		};
/* End XCConfigurationList section */
	};
	rootObject = 14667E5C28990112001279D2 /* Project object */;
}
